
Microsoft Visual Studio Solution File, Format Version 12.00
# Visual Studio Version 17
VisualStudioVersion = 17.7.34031.279
MinimumVisualStudioVersion = 10.0.40219.1
Project("{FAE04EC0-301F-11D3-BF4B-00C04F79EFBC}") = "LinkedList", "LinkedList.csproj", "{609E1839-F542-4623-8665-CE4DE188E9AD}"
EndProject
Global
	GlobalSection(SolutionConfigurationPlatforms) = preSolution
		Debug|Any CPU = Debug|Any CPU
		Release|Any CPU = Release|Any CPU
	EndGlobalSection
	GlobalSection(ProjectConfigurationPlatforms) = postSolution
		{609E1839-F542-4623-8665-CE4DE188E9AD}.Debug|Any CPU.ActiveCfg = Debug|Any CPU
		{609E1839-F542-4623-8665-CE4DE188E9AD}.Debug|Any CPU.Build.0 = Debug|Any CPU
		{609E1839-F542-4623-8665-CE4DE188E9AD}.Release|Any CPU.ActiveCfg = Release|Any CPU
		{609E1839-F542-4623-8665-CE4DE188E9AD}.Release|Any CPU.Build.0 = Release|Any CPU
	EndGlobalSection
	GlobalSection(SolutionProperties) = preSolution
		HideSolutionNode = FALSE
	EndGlobalSection
	GlobalSection(ExtensibilityGlobals) = postSolution
		SolutionGuid = {BDF97B5A-CA31-44EF-922D-12072647E093}
	EndGlobalSection
EndGlobal
