
Microsoft Visual Studio Solution File, Format Version 12.00
# Visual Studio Version 17
VisualStudioVersion = 17.5.33516.290
MinimumVisualStudioVersion = 10.0.40219.1
Project("{9A19103F-16F7-4668-BE54-9A1E7A4F7556}") = "BankImplimentation", "BankImplimentation\BankImplimentation.csproj", "{4AFF8C32-6968-4FE8-8A86-803E0EAF0DCA}"
EndProject
Project("{FAE04EC0-301F-11D3-BF4B-00C04F79EFBC}") = "SYSv1.0", "SYSv1.0\SYSv1.0.csproj", "{47CE1D8A-79AC-4D67-BB16-A844C51D2CEC}"
EndProject
Global
	GlobalSection(SolutionConfigurationPlatforms) = preSolution
		Debug|Any CPU = Debug|Any CPU
		Release|Any CPU = Release|Any CPU
	EndGlobalSection
	GlobalSection(ProjectConfigurationPlatforms) = postSolution
		{4AFF8C32-6968-4FE8-8A86-803E0EAF0DCA}.Debug|Any CPU.ActiveCfg = Debug|Any CPU
		{4AFF8C32-6968-4FE8-8A86-803E0EAF0DCA}.Debug|Any CPU.Build.0 = Debug|Any CPU
		{4AFF8C32-6968-4FE8-8A86-803E0EAF0DCA}.Release|Any CPU.ActiveCfg = Release|Any CPU
		{4AFF8C32-6968-4FE8-8A86-803E0EAF0DCA}.Release|Any CPU.Build.0 = Release|Any CPU
		{47CE1D8A-79AC-4D67-BB16-A844C51D2CEC}.Debug|Any CPU.ActiveCfg = Debug|Any CPU
		{47CE1D8A-79AC-4D67-BB16-A844C51D2CEC}.Debug|Any CPU.Build.0 = Debug|Any CPU
		{47CE1D8A-79AC-4D67-BB16-A844C51D2CEC}.Release|Any CPU.ActiveCfg = Release|Any CPU
		{47CE1D8A-79AC-4D67-BB16-A844C51D2CEC}.Release|Any CPU.Build.0 = Release|Any CPU
	EndGlobalSection
	GlobalSection(SolutionProperties) = preSolution
		HideSolutionNode = FALSE
	EndGlobalSection
	GlobalSection(ExtensibilityGlobals) = postSolution
		SolutionGuid = {47EF1369-B0EC-4E04-B418-D126E9A46B2B}
	EndGlobalSection
EndGlobal
