
Microsoft Visual Studio Solution File, Format Version 12.00
# Visual Studio Version 17
VisualStudioVersion = 17.5.33516.290
MinimumVisualStudioVersion = 10.0.40219.1
Project("{FAE04EC0-301F-11D3-BF4B-00C04F79EFBC}") = "Event(Publisher Subscription)", "Event(Publisher Subscription)\Event(Publisher Subscription).csproj", "{D009314D-06B3-4B35-BF92-C24EA4E78177}"
EndProject
Global
	GlobalSection(SolutionConfigurationPlatforms) = preSolution
		Debug|Any CPU = Debug|Any CPU
		Release|Any CPU = Release|Any CPU
	EndGlobalSection
	GlobalSection(ProjectConfigurationPlatforms) = postSolution
		{D009314D-06B3-4B35-BF92-C24EA4E78177}.Debug|Any CPU.ActiveCfg = Debug|Any CPU
		{D009314D-06B3-4B35-BF92-C24EA4E78177}.Debug|Any CPU.Build.0 = Debug|Any CPU
		{D009314D-06B3-4B35-BF92-C24EA4E78177}.Release|Any CPU.ActiveCfg = Release|Any CPU
		{D009314D-06B3-4B35-BF92-C24EA4E78177}.Release|Any CPU.Build.0 = Release|Any CPU
	EndGlobalSection
	GlobalSection(SolutionProperties) = preSolution
		HideSolutionNode = FALSE
	EndGlobalSection
	GlobalSection(ExtensibilityGlobals) = postSolution
		SolutionGuid = {D1AD9884-00BB-4F94-B542-2B15120F7590}
	EndGlobalSection
EndGlobal
